
Microsoft Visual Studio Solution File, Format Version 12.00
# Visual Studio Version 16
VisualStudioVersion = 16.0.30104.148
MinimumVisualStudioVersion = 10.0.40219.1
Project("{9A19103F-16F7-4668-BE54-9A1E7A4F7556}") = "Bookmarks", "src\BookmarksWebApp\Bookmarks.csproj", "{29161E70-7756-4172-B596-A383ADE14A12}"
EndProject
Project("{2150E333-8FDC-42A3-9474-1A3956D46DE8}") = "src", "src", "{7B87DFED-AF96-4B9A-AD37-34367066CF37}"
EndProject
Project("{2150E333-8FDC-42A3-9474-1A3956D46DE8}") = "test", "test", "{0E01987E-5F8F-4E08-819E-12E1CBE1DAA8}"
EndProject
Project("{FAE04EC0-301F-11D3-BF4B-00C04F79EFBC}") = "BookmarksTests", "test\BookmarksTests\BookmarksTests.csproj", "{5CD414F1-F50F-4B3B-992E-7EF6E59A5B45}"
EndProject
Project("{2150E333-8FDC-42A3-9474-1A3956D46DE8}") = "Others", "Others", "{4726894D-BFAD-45C6-A247-42B0829A6999}"
	ProjectSection(SolutionItems) = preProject
		.gitignore = .gitignore
		README.md = README.md
	EndProjectSection
EndProject
Global
	GlobalSection(SolutionConfigurationPlatforms) = preSolution
		Debug|Any CPU = Debug|Any CPU
		Release|Any CPU = Release|Any CPU
	EndGlobalSection
	GlobalSection(ProjectConfigurationPlatforms) = postSolution
		{29161E70-7756-4172-B596-A383ADE14A12}.Debug|Any CPU.ActiveCfg = Debug|Any CPU
		{29161E70-7756-4172-B596-A383ADE14A12}.Debug|Any CPU.Build.0 = Debug|Any CPU
		{29161E70-7756-4172-B596-A383ADE14A12}.Release|Any CPU.ActiveCfg = Release|Any CPU
		{29161E70-7756-4172-B596-A383ADE14A12}.Release|Any CPU.Build.0 = Release|Any CPU
		{5CD414F1-F50F-4B3B-992E-7EF6E59A5B45}.Debug|Any CPU.ActiveCfg = Debug|Any CPU
		{5CD414F1-F50F-4B3B-992E-7EF6E59A5B45}.Debug|Any CPU.Build.0 = Debug|Any CPU
		{5CD414F1-F50F-4B3B-992E-7EF6E59A5B45}.Release|Any CPU.ActiveCfg = Release|Any CPU
		{5CD414F1-F50F-4B3B-992E-7EF6E59A5B45}.Release|Any CPU.Build.0 = Release|Any CPU
	EndGlobalSection
	GlobalSection(SolutionProperties) = preSolution
		HideSolutionNode = FALSE
	EndGlobalSection
	GlobalSection(NestedProjects) = preSolution
		{29161E70-7756-4172-B596-A383ADE14A12} = {7B87DFED-AF96-4B9A-AD37-34367066CF37}
		{5CD414F1-F50F-4B3B-992E-7EF6E59A5B45} = {0E01987E-5F8F-4E08-819E-12E1CBE1DAA8}
	EndGlobalSection
	GlobalSection(ExtensibilityGlobals) = postSolution
		SolutionGuid = {04E23A58-7573-4726-908E-0C2ED9AFA7F8}
	EndGlobalSection
EndGlobal
